
Microsoft Visual Studio Solution File, Format Version 12.00
# Visual Studio Version 16
VisualStudioVersion = 16.0.30907.101
MinimumVisualStudioVersion = 10.0.40219.1
Project("{FAE04EC0-301F-11D3-BF4B-00C04F79EFBC}") = "Nt_1.UWP", "Nt_1\Nt_1.UWP\Nt_1.UWP.csproj", "{27C57401-6022-4944-97A1-4D0CA1D3F437}"
EndProject
Project("{FAE04EC0-301F-11D3-BF4B-00C04F79EFBC}") = "Nt_1.Android", "Nt_1\Nt_1.Android\Nt_1.Android.csproj", "{B4297C50-0281-4297-8B90-DB21431D701C}"
EndProject
Project("{FAE04EC0-301F-11D3-BF4B-00C04F79EFBC}") = "Nt_1.iOS", "Nt_1\Nt_1.iOS\Nt_1.iOS.csproj", "{163E07CC-2F90-493B-B318-525DF5A11A2D}"
EndProject
Project("{FAE04EC0-301F-11D3-BF4B-00C04F79EFBC}") = "Nt_1", "Nt_1\Nt_1\Nt_1.csproj", "{7BF131B9-7B85-44BE-9BD6-B56D39F0797C}"
EndProject
Global
	GlobalSection(SolutionConfigurationPlatforms) = preSolution
		Debug|Any CPU = Debug|Any CPU
		Debug|ARM = Debug|ARM
		Debug|iPhone = Debug|iPhone
		Debug|iPhoneSimulator = Debug|iPhoneSimulator
		Debug|x64 = Debug|x64
		Debug|x86 = Debug|x86
		Release|Any CPU = Release|Any CPU
		Release|ARM = Release|ARM
		Release|iPhone = Release|iPhone
		Release|iPhoneSimulator = Release|iPhoneSimulator
		Release|x64 = Release|x64
		Release|x86 = Release|x86
	EndGlobalSection
	GlobalSection(ProjectConfigurationPlatforms) = postSolution
		{27C57401-6022-4944-97A1-4D0CA1D3F437}.Debug|Any CPU.ActiveCfg = Debug|x86
		{27C57401-6022-4944-97A1-4D0CA1D3F437}.Debug|Any CPU.Build.0 = Debug|x86
		{27C57401-6022-4944-97A1-4D0CA1D3F437}.Debug|Any CPU.Deploy.0 = Debug|x86
		{27C57401-6022-4944-97A1-4D0CA1D3F437}.Debug|ARM.ActiveCfg = Debug|ARM
		{27C57401-6022-4944-97A1-4D0CA1D3F437}.Debug|ARM.Build.0 = Debug|ARM
		{27C57401-6022-4944-97A1-4D0CA1D3F437}.Debug|ARM.Deploy.0 = Debug|ARM
		{27C57401-6022-4944-97A1-4D0CA1D3F437}.Debug|iPhone.ActiveCfg = Debug|x86
		{27C57401-6022-4944-97A1-4D0CA1D3F437}.Debug|iPhone.Build.0 = Debug|x86
		{27C57401-6022-4944-97A1-4D0CA1D3F437}.Debug|iPhone.Deploy.0 = Debug|x86
		{27C57401-6022-4944-97A1-4D0CA1D3F437}.Debug|iPhoneSimulator.ActiveCfg = Debug|x86
		{27C57401-6022-4944-97A1-4D0CA1D3F437}.Debug|iPhoneSimulator.Build.0 = Debug|x86
		{27C57401-6022-4944-97A1-4D0CA1D3F437}.Debug|iPhoneSimulator.Deploy.0 = Debug|x86
		{27C57401-6022-4944-97A1-4D0CA1D3F437}.Debug|x64.ActiveCfg = Debug|x64
		{27C57401-6022-4944-97A1-4D0CA1D3F437}.Debug|x64.Build.0 = Debug|x64
		{27C57401-6022-4944-97A1-4D0CA1D3F437}.Debug|x64.Deploy.0 = Debug|x64
		{27C57401-6022-4944-97A1-4D0CA1D3F437}.Debug|x86.ActiveCfg = Debug|x86
		{27C57401-6022-4944-97A1-4D0CA1D3F437}.Debug|x86.Build.0 = Debug|x86
		{27C57401-6022-4944-97A1-4D0CA1D3F437}.Debug|x86.Deploy.0 = Debug|x86
		{27C57401-6022-4944-97A1-4D0CA1D3F437}.Release|Any CPU.ActiveCfg = Release|x86
		{27C57401-6022-4944-97A1-4D0CA1D3F437}.Release|Any CPU.Build.0 = Release|x86
		{27C57401-6022-4944-97A1-4D0CA1D3F437}.Release|Any CPU.Deploy.0 = Release|x86
		{27C57401-6022-4944-97A1-4D0CA1D3F437}.Release|ARM.ActiveCfg = Release|ARM
		{27C57401-6022-4944-97A1-4D0CA1D3F437}.Release|ARM.Build.0 = Release|ARM
		{27C57401-6022-4944-97A1-4D0CA1D3F437}.Release|ARM.Deploy.0 = Release|ARM
		{27C57401-6022-4944-97A1-4D0CA1D3F437}.Release|iPhone.ActiveCfg = Release|x86
		{27C57401-6022-4944-97A1-4D0CA1D3F437}.Release|iPhone.Build.0 = Release|x86
		{27C57401-6022-4944-97A1-4D0CA1D3F437}.Release|iPhone.Deploy.0 = Release|x86
		{27C57401-6022-4944-97A1-4D0CA1D3F437}.Release|iPhoneSimulator.ActiveCfg = Release|x86
		{27C57401-6022-4944-97A1-4D0CA1D3F437}.Release|iPhoneSimulator.Build.0 = Release|x86
		{27C57401-6022-4944-97A1-4D0CA1D3F437}.Release|iPhoneSimulator.Deploy.0 = Release|x86
		{27C57401-6022-4944-97A1-4D0CA1D3F437}.Release|x64.ActiveCfg = Release|x64
		{27C57401-6022-4944-97A1-4D0CA1D3F437}.Release|x64.Build.0 = Release|x64
		{27C57401-6022-4944-97A1-4D0CA1D3F437}.Release|x64.Deploy.0 = Release|x64
		{27C57401-6022-4944-97A1-4D0CA1D3F437}.Release|x86.ActiveCfg = Release|x86
		{27C57401-6022-4944-97A1-4D0CA1D3F437}.Release|x86.Build.0 = Release|x86
		{27C57401-6022-4944-97A1-4D0CA1D3F437}.Release|x86.Deploy.0 = Release|x86
		{B4297C50-0281-4297-8B90-DB21431D701C}.Debug|Any CPU.ActiveCfg = Debug|Any CPU
		{B4297C50-0281-4297-8B90-DB21431D701C}.Debug|Any CPU.Build.0 = Debug|Any CPU
		{B4297C50-0281-4297-8B90-DB21431D701C}.Debug|Any CPU.Deploy.0 = Debug|Any CPU
		{B4297C50-0281-4297-8B90-DB21431D701C}.Debug|ARM.ActiveCfg = Debug|Any CPU
		{B4297C50-0281-4297-8B90-DB21431D701C}.Debug|ARM.Build.0 = Debug|Any CPU
		{B4297C50-0281-4297-8B90-DB21431D701C}.Debug|ARM.Deploy.0 = Debug|Any CPU
		{B4297C50-0281-4297-8B90-DB21431D701C}.Debug|iPhone.ActiveCfg = Debug|Any CPU
		{B4297C50-0281-4297-8B90-DB21431D701C}.Debug|iPhone.Build.0 = Debug|Any CPU
		{B4297C50-0281-4297-8B90-DB21431D701C}.Debug|iPhone.Deploy.0 = Debug|Any CPU
		{B4297C50-0281-4297-8B90-DB21431D701C}.Debug|iPhoneSimulator.ActiveCfg = Debug|Any CPU
		{B4297C50-0281-4297-8B90-DB21431D701C}.Debug|iPhoneSimulator.Build.0 = Debug|Any CPU
		{B4297C50-0281-4297-8B90-DB21431D701C}.Debug|iPhoneSimulator.Deploy.0 = Debug|Any CPU
		{B4297C50-0281-4297-8B90-DB21431D701C}.Debug|x64.ActiveCfg = Debug|Any CPU
		{B4297C50-0281-4297-8B90-DB21431D701C}.Debug|x64.Build.0 = Debug|Any CPU
		{B4297C50-0281-4297-8B90-DB21431D701C}.Debug|x64.Deploy.0 = Debug|Any CPU
		{B4297C50-0281-4297-8B90-DB21431D701C}.Debug|x86.ActiveCfg = Debug|Any CPU
		{B4297C50-0281-4297-8B90-DB21431D701C}.Debug|x86.Build.0 = Debug|Any CPU
		{B4297C50-0281-4297-8B90-DB21431D701C}.Debug|x86.Deploy.0 = Debug|Any CPU
		{B4297C50-0281-4297-8B90-DB21431D701C}.Release|Any CPU.ActiveCfg = Release|Any CPU
		{B4297C50-0281-4297-8B90-DB21431D701C}.Release|Any CPU.Build.0 = Release|Any CPU
		{B4297C50-0281-4297-8B90-DB21431D701C}.Release|Any CPU.Deploy.0 = Release|Any CPU
		{B4297C50-0281-4297-8B90-DB21431D701C}.Release|ARM.ActiveCfg = Release|Any CPU
		{B4297C50-0281-4297-8B90-DB21431D701C}.Release|ARM.Build.0 = Release|Any CPU
		{B4297C50-0281-4297-8B90-DB21431D701C}.Release|ARM.Deploy.0 = Release|Any CPU
		{B4297C50-0281-4297-8B90-DB21431D701C}.Release|iPhone.ActiveCfg = Release|Any CPU
		{B4297C50-0281-4297-8B90-DB21431D701C}.Release|iPhone.Build.0 = Release|Any CPU
		{B4297C50-0281-4297-8B90-DB21431D701C}.Release|iPhone.Deploy.0 = Release|Any CPU
		{B4297C50-0281-4297-8B90-DB21431D701C}.Release|iPhoneSimulator.ActiveCfg = Release|Any CPU
		{B4297C50-0281-4297-8B90-DB21431D701C}.Release|iPhoneSimulator.Build.0 = Release|Any CPU
		{B4297C50-0281-4297-8B90-DB21431D701C}.Release|iPhoneSimulator.Deploy.0 = Release|Any CPU
		{B4297C50-0281-4297-8B90-DB21431D701C}.Release|x64.ActiveCfg = Release|Any CPU
		{B4297C50-0281-4297-8B90-DB21431D701C}.Release|x64.Build.0 = Release|Any CPU
		{B4297C50-0281-4297-8B90-DB21431D701C}.Release|x64.Deploy.0 = Release|Any CPU
		{B4297C50-0281-4297-8B90-DB21431D701C}.Release|x86.ActiveCfg = Release|Any CPU
		{B4297C50-0281-4297-8B90-DB21431D701C}.Release|x86.Build.0 = Release|Any CPU
		{B4297C50-0281-4297-8B90-DB21431D701C}.Release|x86.Deploy.0 = Release|Any CPU
		{163E07CC-2F90-493B-B318-525DF5A11A2D}.Debug|Any CPU.ActiveCfg = Debug|iPhoneSimulator
		{163E07CC-2F90-493B-B318-525DF5A11A2D}.Debug|Any CPU.Build.0 = Debug|iPhoneSimulator
		{163E07CC-2F90-493B-B318-525DF5A11A2D}.Debug|Any CPU.Deploy.0 = Debug|iPhoneSimulator
		{163E07CC-2F90-493B-B318-525DF5A11A2D}.Debug|ARM.ActiveCfg = Debug|iPhone
		{163E07CC-2F90-493B-B318-525DF5A11A2D}.Debug|ARM.Build.0 = Debug|iPhone
		{163E07CC-2F90-493B-B318-525DF5A11A2D}.Debug|ARM.Deploy.0 = Debug|iPhone
		{163E07CC-2F90-493B-B318-525DF5A11A2D}.Debug|iPhone.ActiveCfg = Debug|iPhone
		{163E07CC-2F90-493B-B318-525DF5A11A2D}.Debug|iPhone.Build.0 = Debug|iPhone
		{163E07CC-2F90-493B-B318-525DF5A11A2D}.Debug|iPhone.Deploy.0 = Debug|iPhone
		{163E07CC-2F90-493B-B318-525DF5A11A2D}.Debug|iPhoneSimulator.ActiveCfg = Debug|iPhoneSimulator
		{163E07CC-2F90-493B-B318-525DF5A11A2D}.Debug|iPhoneSimulator.Build.0 = Debug|iPhoneSimulator
		{163E07CC-2F90-493B-B318-525DF5A11A2D}.Debug|iPhoneSimulator.Deploy.0 = Debug|iPhoneSimulator
		{163E07CC-2F90-493B-B318-525DF5A11A2D}.Debug|x64.ActiveCfg = Debug|iPhoneSimulator
		{163E07CC-2F90-493B-B318-525DF5A11A2D}.Debug|x64.Build.0 = Debug|iPhoneSimulator
		{163E07CC-2F90-493B-B318-525DF5A11A2D}.Debug|x64.Deploy.0 = Debug|iPhoneSimulator
		{163E07CC-2F90-493B-B318-525DF5A11A2D}.Debug|x86.ActiveCfg = Debug|iPhoneSimulator
		{163E07CC-2F90-493B-B318-525DF5A11A2D}.Debug|x86.Build.0 = Debug|iPhoneSimulator
		{163E07CC-2F90-493B-B318-525DF5A11A2D}.Debug|x86.Deploy.0 = Debug|iPhoneSimulator
		{163E07CC-2F90-493B-B318-525DF5A11A2D}.Release|Any CPU.ActiveCfg = Release|iPhoneSimulator
		{163E07CC-2F90-493B-B318-525DF5A11A2D}.Release|Any CPU.Build.0 = Release|iPhoneSimulator
		{163E07CC-2F90-493B-B318-525DF5A11A2D}.Release|Any CPU.Deploy.0 = Release|iPhoneSimulator
		{163E07CC-2F90-493B-B318-525DF5A11A2D}.Release|ARM.ActiveCfg = Release|iPhoneSimulator
		{163E07CC-2F90-493B-B318-525DF5A11A2D}.Release|ARM.Build.0 = Release|iPhoneSimulator
		{163E07CC-2F90-493B-B318-525DF5A11A2D}.Release|ARM.Deploy.0 = Release|iPhoneSimulator
		{163E07CC-2F90-493B-B318-525DF5A11A2D}.Release|iPhone.ActiveCfg = Release|iPhone
		{163E07CC-2F90-493B-B318-525DF5A11A2D}.Release|iPhone.Build.0 = Release|iPhone
		{163E07CC-2F90-493B-B318-525DF5A11A2D}.Release|iPhone.Deploy.0 = Release|iPhone
		{163E07CC-2F90-493B-B318-525DF5A11A2D}.Release|iPhoneSimulator.ActiveCfg = Release|iPhoneSimulator
		{163E07CC-2F90-493B-B318-525DF5A11A2D}.Release|iPhoneSimulator.Build.0 = Release|iPhoneSimulator
		{163E07CC-2F90-493B-B318-525DF5A11A2D}.Release|iPhoneSimulator.Deploy.0 = Release|iPhoneSimulator
		{163E07CC-2F90-493B-B318-525DF5A11A2D}.Release|x64.ActiveCfg = Release|iPhoneSimulator
		{163E07CC-2F90-493B-B318-525DF5A11A2D}.Release|x64.Build.0 = Release|iPhoneSimulator
		{163E07CC-2F90-493B-B318-525DF5A11A2D}.Release|x64.Deploy.0 = Release|iPhoneSimulator
		{163E07CC-2F90-493B-B318-525DF5A11A2D}.Release|x86.ActiveCfg = Release|iPhoneSimulator
		{163E07CC-2F90-493B-B318-525DF5A11A2D}.Release|x86.Build.0 = Release|iPhoneSimulator
		{163E07CC-2F90-493B-B318-525DF5A11A2D}.Release|x86.Deploy.0 = Release|iPhoneSimulator
		{7BF131B9-7B85-44BE-9BD6-B56D39F0797C}.Debug|Any CPU.ActiveCfg = Debug|Any CPU
		{7BF131B9-7B85-44BE-9BD6-B56D39F0797C}.Debug|Any CPU.Build.0 = Debug|Any CPU
		{7BF131B9-7B85-44BE-9BD6-B56D39F0797C}.Debug|Any CPU.Deploy.0 = Debug|Any CPU
		{7BF131B9-7B85-44BE-9BD6-B56D39F0797C}.Debug|ARM.ActiveCfg = Debug|Any CPU
		{7BF131B9-7B85-44BE-9BD6-B56D39F0797C}.Debug|ARM.Build.0 = Debug|Any CPU
		{7BF131B9-7B85-44BE-9BD6-B56D39F0797C}.Debug|ARM.Deploy.0 = Debug|Any CPU
		{7BF131B9-7B85-44BE-9BD6-B56D39F0797C}.Debug|iPhone.ActiveCfg = Debug|Any CPU
		{7BF131B9-7B85-44BE-9BD6-B56D39F0797C}.Debug|iPhone.Build.0 = Debug|Any CPU
		{7BF131B9-7B85-44BE-9BD6-B56D39F0797C}.Debug|iPhone.Deploy.0 = Debug|Any CPU
		{7BF131B9-7B85-44BE-9BD6-B56D39F0797C}.Debug|iPhoneSimulator.ActiveCfg = Debug|Any CPU
		{7BF131B9-7B85-44BE-9BD6-B56D39F0797C}.Debug|iPhoneSimulator.Build.0 = Debug|Any CPU
		{7BF131B9-7B85-44BE-9BD6-B56D39F0797C}.Debug|iPhoneSimulator.Deploy.0 = Debug|Any CPU
		{7BF131B9-7B85-44BE-9BD6-B56D39F0797C}.Debug|x64.ActiveCfg = Debug|Any CPU
		{7BF131B9-7B85-44BE-9BD6-B56D39F0797C}.Debug|x64.Build.0 = Debug|Any CPU
		{7BF131B9-7B85-44BE-9BD6-B56D39F0797C}.Debug|x64.Deploy.0 = Debug|Any CPU
		{7BF131B9-7B85-44BE-9BD6-B56D39F0797C}.Debug|x86.ActiveCfg = Debug|Any CPU
		{7BF131B9-7B85-44BE-9BD6-B56D39F0797C}.Debug|x86.Build.0 = Debug|Any CPU
		{7BF131B9-7B85-44BE-9BD6-B56D39F0797C}.Debug|x86.Deploy.0 = Debug|Any CPU
		{7BF131B9-7B85-44BE-9BD6-B56D39F0797C}.Release|Any CPU.ActiveCfg = Release|Any CPU
		{7BF131B9-7B85-44BE-9BD6-B56D39F0797C}.Release|Any CPU.Build.0 = Release|Any CPU
		{7BF131B9-7B85-44BE-9BD6-B56D39F0797C}.Release|Any CPU.Deploy.0 = Release|Any CPU
		{7BF131B9-7B85-44BE-9BD6-B56D39F0797C}.Release|ARM.ActiveCfg = Release|Any CPU
		{7BF131B9-7B85-44BE-9BD6-B56D39F0797C}.Release|ARM.Build.0 = Release|Any CPU
		{7BF131B9-7B85-44BE-9BD6-B56D39F0797C}.Release|ARM.Deploy.0 = Release|Any CPU
		{7BF131B9-7B85-44BE-9BD6-B56D39F0797C}.Release|iPhone.ActiveCfg = Release|Any CPU
		{7BF131B9-7B85-44BE-9BD6-B56D39F0797C}.Release|iPhone.Build.0 = Release|Any CPU
		{7BF131B9-7B85-44BE-9BD6-B56D39F0797C}.Release|iPhone.Deploy.0 = Release|Any CPU
		{7BF131B9-7B85-44BE-9BD6-B56D39F0797C}.Release|iPhoneSimulator.ActiveCfg = Release|Any CPU
		{7BF131B9-7B85-44BE-9BD6-B56D39F0797C}.Release|iPhoneSimulator.Build.0 = Release|Any CPU
		{7BF131B9-7B85-44BE-9BD6-B56D39F0797C}.Release|iPhoneSimulator.Deploy.0 = Release|Any CPU
		{7BF131B9-7B85-44BE-9BD6-B56D39F0797C}.Release|x64.ActiveCfg = Release|Any CPU
		{7BF131B9-7B85-44BE-9BD6-B56D39F0797C}.Release|x64.Build.0 = Release|Any CPU
		{7BF131B9-7B85-44BE-9BD6-B56D39F0797C}.Release|x64.Deploy.0 = Release|Any CPU
		{7BF131B9-7B85-44BE-9BD6-B56D39F0797C}.Release|x86.ActiveCfg = Release|Any CPU
		{7BF131B9-7B85-44BE-9BD6-B56D39F0797C}.Release|x86.Build.0 = Release|Any CPU
		{7BF131B9-7B85-44BE-9BD6-B56D39F0797C}.Release|x86.Deploy.0 = Release|Any CPU
	EndGlobalSection
	GlobalSection(SolutionProperties) = preSolution
		HideSolutionNode = FALSE
	EndGlobalSection
	GlobalSection(ExtensibilityGlobals) = postSolution
		SolutionGuid = {96E0EE29-2C2C-4EA2-8994-49BFEB53E19B}
	EndGlobalSection
EndGlobal
